
Microsoft Visual Studio Solution File, Format Version 12.00
# Visual Studio 15
VisualStudioVersion = 15.0.27428.2043
MinimumVisualStudioVersion = 10.0.40219.1
Project("{FAE04EC0-301F-11D3-BF4B-00C04F79EFBC}") = "Webformgit", "Webformgit\Webformgit.csproj", "{9343FBFC-0D49-4CFB-A1AF-0827BAE85144}"
EndProject
Global
	GlobalSection(SolutionConfigurationPlatforms) = preSolution
		Debug|Any CPU = Debug|Any CPU
		Release|Any CPU = Release|Any CPU
	EndGlobalSection
	GlobalSection(ProjectConfigurationPlatforms) = postSolution
		{9343FBFC-0D49-4CFB-A1AF-0827BAE85144}.Debug|Any CPU.ActiveCfg = Debug|Any CPU
		{9343FBFC-0D49-4CFB-A1AF-0827BAE85144}.Debug|Any CPU.Build.0 = Debug|Any CPU
		{9343FBFC-0D49-4CFB-A1AF-0827BAE85144}.Release|Any CPU.ActiveCfg = Release|Any CPU
		{9343FBFC-0D49-4CFB-A1AF-0827BAE85144}.Release|Any CPU.Build.0 = Release|Any CPU
	EndGlobalSection
	GlobalSection(SolutionProperties) = preSolution
		HideSolutionNode = FALSE
	EndGlobalSection
	GlobalSection(ExtensibilityGlobals) = postSolution
		SolutionGuid = {50385D58-7A58-4850-BEFC-F33D9F081ED9}
	EndGlobalSection
EndGlobal
